// !$*UTF8*$!
{
	archiveVersion = 1;
	classes = {
	};
	objectVersion = 56;
	objects = {

/* Begin PBXBuildFile section */
		289CF7322A975AE7008A356D /* AppDelegate.swift in Sources */ = {isa = PBXBuildFile; fileRef = 289CF7312A975AE7008A356D /* AppDelegate.swift */; };
		289CF7342A975AE7008A356D /* SceneDelegate.swift in Sources */ = {isa = PBXBuildFile; fileRef = 289CF7332A975AE7008A356D /* SceneDelegate.swift */; };
		289CF7362A975AE7008A356D /* CalculatorViewController.swift in Sources */ = {isa = PBXBuildFile; fileRef = 289CF7352A975AE7008A356D /* CalculatorViewController.swift */; };
		289CF73B2A975AE9008A356D /* Assets.xcassets in Resources */ = {isa = PBXBuildFile; fileRef = 289CF73A2A975AE9008A356D /* Assets.xcassets */; };
		289CF73E2A975AE9008A356D /* LaunchScreen.storyboard in Resources */ = {isa = PBXBuildFile; fileRef = 289CF73C2A975AE9008A356D /* LaunchScreen.storyboard */; };
		289CF7492A975AE9008A356D /* TipCalculatorTests.swift in Sources */ = {isa = PBXBuildFile; fileRef = 289CF7482A975AE9008A356D /* TipCalculatorTests.swift */; };
		289CF7532A975AE9008A356D /* TipCalculatorUITests.swift in Sources */ = {isa = PBXBuildFile; fileRef = 289CF7522A975AE9008A356D /* TipCalculatorUITests.swift */; };
		289CF7552A975AE9008A356D /* TipCalculatorUITestsLaunchTests.swift in Sources */ = {isa = PBXBuildFile; fileRef = 289CF7542A975AE9008A356D /* TipCalculatorUITestsLaunchTests.swift */; };
		289CF7632A975BAA008A356D /* CombineCocoa in Frameworks */ = {isa = PBXBuildFile; productRef = 289CF7622A975BAA008A356D /* CombineCocoa */; };
		289CF7662A975C2B008A356D /* SnapKit in Frameworks */ = {isa = PBXBuildFile; productRef = 289CF7652A975C2B008A356D /* SnapKit */; };
		289CF7692A975C73008A356D /* CombineCocoa in Frameworks */ = {isa = PBXBuildFile; productRef = 289CF7682A975C73008A356D /* CombineCocoa */; };
		289CF76C2A975D54008A356D /* SnapshotTesting in Frameworks */ = {isa = PBXBuildFile; productRef = 289CF76B2A975D54008A356D /* SnapshotTesting */; };
		289CF76E2A975D5D008A356D /* CombineCocoa in Frameworks */ = {isa = PBXBuildFile; productRef = 289CF76D2A975D5D008A356D /* CombineCocoa */; };
		28DEA3472A983F3B00E8365D /* LogoView.swift in Sources */ = {isa = PBXBuildFile; fileRef = 28DEA3462A983F3B00E8365D /* LogoView.swift */; };
		28DEA34B2A9841B300E8365D /* ResultView.swift in Sources */ = {isa = PBXBuildFile; fileRef = 28DEA34A2A9841B300E8365D /* ResultView.swift */; };
		28DEA34D2A9841CB00E8365D /* BillInputView.swift in Sources */ = {isa = PBXBuildFile; fileRef = 28DEA34C2A9841CB00E8365D /* BillInputView.swift */; };
		28DEA34F2A9841DF00E8365D /* TipInputView.swift in Sources */ = {isa = PBXBuildFile; fileRef = 28DEA34E2A9841DF00E8365D /* TipInputView.swift */; };
		28DEA3512A9841F400E8365D /* SplitInputView.swift in Sources */ = {isa = PBXBuildFile; fileRef = 28DEA3502A9841F400E8365D /* SplitInputView.swift */; };
		28DEA3542A984F9800E8365D /* ThemeColor.swift in Sources */ = {isa = PBXBuildFile; fileRef = 28DEA3532A984F9800E8365D /* ThemeColor.swift */; };
		28DEA3562A984FAA00E8365D /* ThemeFont.swift in Sources */ = {isa = PBXBuildFile; fileRef = 28DEA3552A984FAA00E8365D /* ThemeFont.swift */; };
		28DEA3592A9850E200E8365D /* UIColor+Extension.swift in Sources */ = {isa = PBXBuildFile; fileRef = 28DEA3582A9850E200E8365D /* UIColor+Extension.swift */; };
		28DEA35C2A98733800E8365D /* LabelFactory.swift in Sources */ = {isa = PBXBuildFile; fileRef = 28DEA35B2A98733800E8365D /* LabelFactory.swift */; };
		373414642B74A20700AC21C5 /* CalculatorViewModel.swift in Sources */ = {isa = PBXBuildFile; fileRef = 373414632B74A20700AC21C5 /* CalculatorViewModel.swift */; };
		37583F262B7B33C200D786C4 /* Result.swift in Sources */ = {isa = PBXBuildFile; fileRef = 37583F252B7B33C200D786C4 /* Result.swift */; };
		37583F282B7DC4AC00D786C4 /* String+Extension.swift in Sources */ = {isa = PBXBuildFile; fileRef = 37583F272B7DC4AC00D786C4 /* String+Extension.swift */; };
		376F94982AEA1A75009703B3 /* AmountView.swift in Sources */ = {isa = PBXBuildFile; fileRef = 376F94972AEA1A75009703B3 /* AmountView.swift */; };
		379EF7282AD50E1E00E019DB /* UIView+Extension.swift in Sources */ = {isa = PBXBuildFile; fileRef = 379EF7272AD50E1E00E019DB /* UIView+Extension.swift */; };
		37CC23962B5642D50005834D /* HeaderView.swift in Sources */ = {isa = PBXBuildFile; fileRef = 37CC23952B5642D50005834D /* HeaderView.swift */; };
		37DB533B2B31683A00F9FB14 /* Tip.swift in Sources */ = {isa = PBXBuildFile; fileRef = 37DB533A2B31683A00F9FB14 /* Tip.swift */; };
/* End PBXBuildFile section */

/* Begin PBXContainerItemProxy section */
		289CF7452A975AE9008A356D /* PBXContainerItemProxy */ = {
			isa = PBXContainerItemProxy;
			containerPortal = 289CF7262A975AE7008A356D /* Project object */;
			proxyType = 1;
			remoteGlobalIDString = 289CF72D2A975AE7008A356D;
			remoteInfo = TipCalculator;
		};
		289CF74F2A975AE9008A356D /* PBXContainerItemProxy */ = {
			isa = PBXContainerItemProxy;
			containerPortal = 289CF7262A975AE7008A356D /* Project object */;
			proxyType = 1;
			remoteGlobalIDString = 289CF72D2A975AE7008A356D;
			remoteInfo = TipCalculator;
		};
/* End PBXContainerItemProxy section */

/* Begin PBXFileReference section */
		289CF72E2A975AE7008A356D /* TipCalculator.app */ = {isa = PBXFileReference; explicitFileType = wrapper.application; includeInIndex = 0; path = TipCalculator.app; sourceTree = BUILT_PRODUCTS_DIR; };
		289CF7312A975AE7008A356D /* AppDelegate.swift */ = {isa = PBXFileReference; lastKnownFileType = sourcecode.swift; path = AppDelegate.swift; sourceTree = "<group>"; };
		289CF7332A975AE7008A356D /* SceneDelegate.swift */ = {isa = PBXFileReference; lastKnownFileType = sourcecode.swift; path = SceneDelegate.swift; sourceTree = "<group>"; };
		289CF7352A975AE7008A356D /* CalculatorViewController.swift */ = {isa = PBXFileReference; lastKnownFileType = sourcecode.swift; path = CalculatorViewController.swift; sourceTree = "<group>"; };
		289CF73A2A975AE9008A356D /* Assets.xcassets */ = {isa = PBXFileReference; lastKnownFileType = folder.assetcatalog; path = Assets.xcassets; sourceTree = "<group>"; };
		289CF73D2A975AE9008A356D /* Base */ = {isa = PBXFileReference; lastKnownFileType = file.storyboard; name = Base; path = Base.lproj/LaunchScreen.storyboard; sourceTree = "<group>"; };
		289CF73F2A975AE9008A356D /* Info.plist */ = {isa = PBXFileReference; lastKnownFileType = text.plist.xml; path = Info.plist; sourceTree = "<group>"; };
		289CF7442A975AE9008A356D /* TipCalculatorTests.xctest */ = {isa = PBXFileReference; explicitFileType = wrapper.cfbundle; includeInIndex = 0; path = TipCalculatorTests.xctest; sourceTree = BUILT_PRODUCTS_DIR; };
		289CF7482A975AE9008A356D /* TipCalculatorTests.swift */ = {isa = PBXFileReference; lastKnownFileType = sourcecode.swift; path = TipCalculatorTests.swift; sourceTree = "<group>"; };
		289CF74E2A975AE9008A356D /* TipCalculatorUITests.xctest */ = {isa = PBXFileReference; explicitFileType = wrapper.cfbundle; includeInIndex = 0; path = TipCalculatorUITests.xctest; sourceTree = BUILT_PRODUCTS_DIR; };
		289CF7522A975AE9008A356D /* TipCalculatorUITests.swift */ = {isa = PBXFileReference; lastKnownFileType = sourcecode.swift; path = TipCalculatorUITests.swift; sourceTree = "<group>"; };
		289CF7542A975AE9008A356D /* TipCalculatorUITestsLaunchTests.swift */ = {isa = PBXFileReference; lastKnownFileType = sourcecode.swift; path = TipCalculatorUITestsLaunchTests.swift; sourceTree = "<group>"; };
		28DEA3462A983F3B00E8365D /* LogoView.swift */ = {isa = PBXFileReference; lastKnownFileType = sourcecode.swift; path = LogoView.swift; sourceTree = "<group>"; };
		28DEA34A2A9841B300E8365D /* ResultView.swift */ = {isa = PBXFileReference; lastKnownFileType = sourcecode.swift; path = ResultView.swift; sourceTree = "<group>"; };
		28DEA34C2A9841CB00E8365D /* BillInputView.swift */ = {isa = PBXFileReference; lastKnownFileType = sourcecode.swift; path = BillInputView.swift; sourceTree = "<group>"; };
		28DEA34E2A9841DF00E8365D /* TipInputView.swift */ = {isa = PBXFileReference; lastKnownFileType = sourcecode.swift; path = TipInputView.swift; sourceTree = "<group>"; };
		28DEA3502A9841F400E8365D /* SplitInputView.swift */ = {isa = PBXFileReference; lastKnownFileType = sourcecode.swift; path = SplitInputView.swift; sourceTree = "<group>"; };
		28DEA3532A984F9800E8365D /* ThemeColor.swift */ = {isa = PBXFileReference; lastKnownFileType = sourcecode.swift; path = ThemeColor.swift; sourceTree = "<group>"; };
		28DEA3552A984FAA00E8365D /* ThemeFont.swift */ = {isa = PBXFileReference; lastKnownFileType = sourcecode.swift; path = ThemeFont.swift; sourceTree = "<group>"; };
		28DEA3582A9850E200E8365D /* UIColor+Extension.swift */ = {isa = PBXFileReference; lastKnownFileType = sourcecode.swift; path = "UIColor+Extension.swift"; sourceTree = "<group>"; };
		28DEA35B2A98733800E8365D /* LabelFactory.swift */ = {isa = PBXFileReference; lastKnownFileType = sourcecode.swift; path = LabelFactory.swift; sourceTree = "<group>"; };
		373414632B74A20700AC21C5 /* CalculatorViewModel.swift */ = {isa = PBXFileReference; lastKnownFileType = sourcecode.swift; path = CalculatorViewModel.swift; sourceTree = "<group>"; };
		37583F252B7B33C200D786C4 /* Result.swift */ = {isa = PBXFileReference; lastKnownFileType = sourcecode.swift; path = Result.swift; sourceTree = "<group>"; };
		37583F272B7DC4AC00D786C4 /* String+Extension.swift */ = {isa = PBXFileReference; lastKnownFileType = sourcecode.swift; path = "String+Extension.swift"; sourceTree = "<group>"; };
		376F94972AEA1A75009703B3 /* AmountView.swift */ = {isa = PBXFileReference; lastKnownFileType = sourcecode.swift; path = AmountView.swift; sourceTree = "<group>"; };
		379EF7272AD50E1E00E019DB /* UIView+Extension.swift */ = {isa = PBXFileReference; lastKnownFileType = sourcecode.swift; path = "UIView+Extension.swift"; sourceTree = "<group>"; };
		37CC23952B5642D50005834D /* HeaderView.swift */ = {isa = PBXFileReference; lastKnownFileType = sourcecode.swift; path = HeaderView.swift; sourceTree = "<group>"; };
		37DB533A2B31683A00F9FB14 /* Tip.swift */ = {isa = PBXFileReference; lastKnownFileType = sourcecode.swift; path = Tip.swift; sourceTree = "<group>"; };
/* End PBXFileReference section */

/* Begin PBXFrameworksBuildPhase section */
		289CF72B2A975AE7008A356D /* Frameworks */ = {
			isa = PBXFrameworksBuildPhase;
			buildActionMask = 2147483647;
			files = (
				289CF7632A975BAA008A356D /* CombineCocoa in Frameworks */,
				289CF7662A975C2B008A356D /* SnapKit in Frameworks */,
			);
			runOnlyForDeploymentPostprocessing = 0;
		};
		289CF7412A975AE9008A356D /* Frameworks */ = {
			isa = PBXFrameworksBuildPhase;
			buildActionMask = 2147483647;
			files = (
				289CF7692A975C73008A356D /* CombineCocoa in Frameworks */,
				289CF76C2A975D54008A356D /* SnapshotTesting in Frameworks */,
			);
			runOnlyForDeploymentPostprocessing = 0;
		};
		289CF74B2A975AE9008A356D /* Frameworks */ = {
			isa = PBXFrameworksBuildPhase;
			buildActionMask = 2147483647;
			files = (
				289CF76E2A975D5D008A356D /* CombineCocoa in Frameworks */,
			);
			runOnlyForDeploymentPostprocessing = 0;
		};
/* End PBXFrameworksBuildPhase section */

/* Begin PBXGroup section */
		289CF7252A975AE7008A356D = {
			isa = PBXGroup;
			children = (
				289CF7302A975AE7008A356D /* TipCalculator */,
				289CF7472A975AE9008A356D /* TipCalculatorTests */,
				289CF7512A975AE9008A356D /* TipCalculatorUITests */,
				289CF72F2A975AE7008A356D /* Products */,
				289CF7672A975C73008A356D /* Frameworks */,
			);
			sourceTree = "<group>";
		};
		289CF72F2A975AE7008A356D /* Products */ = {
			isa = PBXGroup;
			children = (
				289CF72E2A975AE7008A356D /* TipCalculator.app */,
				289CF7442A975AE9008A356D /* TipCalculatorTests.xctest */,
				289CF74E2A975AE9008A356D /* TipCalculatorUITests.xctest */,
			);
			name = Products;
			sourceTree = "<group>";
		};
		289CF7302A975AE7008A356D /* TipCalculator */ = {
			isa = PBXGroup;
			children = (
				28DEA3482A983FE800E8365D /* Application */,
				376F94962AE9FD0E009703B3 /* LaunchScreen */,
				376F94992AEA1C21009703B3 /* Calculator */,
				373414622B74A1F000AC21C5 /* ViewModel */,
				28DEA3452A983F2F00E8365D /* View */,
				28DEA35A2A98731F00E8365D /* Factory */,
				37DB53392B31682500F9FB14 /* Model */,
				28DEA3572A984FF200E8365D /* Extensions */,
				28DEA3522A984F8600E8365D /* Configuration */,
				28DEA3492A983FFB00E8365D /* Assets */,
				289CF73F2A975AE9008A356D /* Info.plist */,
			);
			path = TipCalculator;
			sourceTree = "<group>";
		};
		289CF7472A975AE9008A356D /* TipCalculatorTests */ = {
			isa = PBXGroup;
			children = (
				289CF7482A975AE9008A356D /* TipCalculatorTests.swift */,
			);
			path = TipCalculatorTests;
			sourceTree = "<group>";
		};
		289CF7512A975AE9008A356D /* TipCalculatorUITests */ = {
			isa = PBXGroup;
			children = (
				289CF7522A975AE9008A356D /* TipCalculatorUITests.swift */,
				289CF7542A975AE9008A356D /* TipCalculatorUITestsLaunchTests.swift */,
			);
			path = TipCalculatorUITests;
			sourceTree = "<group>";
		};
		289CF7672A975C73008A356D /* Frameworks */ = {
			isa = PBXGroup;
			children = (
			);
			name = Frameworks;
			sourceTree = "<group>";
		};
		28DEA3452A983F2F00E8365D /* View */ = {
			isa = PBXGroup;
			children = (
				28DEA3462A983F3B00E8365D /* LogoView.swift */,
				28DEA34A2A9841B300E8365D /* ResultView.swift */,
				28DEA34C2A9841CB00E8365D /* BillInputView.swift */,
				28DEA34E2A9841DF00E8365D /* TipInputView.swift */,
				28DEA3502A9841F400E8365D /* SplitInputView.swift */,
				376F94972AEA1A75009703B3 /* AmountView.swift */,
				37CC23952B5642D50005834D /* HeaderView.swift */,
			);
			path = View;
			sourceTree = "<group>";
		};
		28DEA3482A983FE800E8365D /* Application */ = {
			isa = PBXGroup;
			children = (
				289CF7312A975AE7008A356D /* AppDelegate.swift */,
				289CF7332A975AE7008A356D /* SceneDelegate.swift */,
			);
			path = Application;
			sourceTree = "<group>";
		};
		28DEA3492A983FFB00E8365D /* Assets */ = {
			isa = PBXGroup;
			children = (
				289CF73A2A975AE9008A356D /* Assets.xcassets */,
			);
			path = Assets;
			sourceTree = "<group>";
		};
		28DEA3522A984F8600E8365D /* Configuration */ = {
			isa = PBXGroup;
			children = (
				28DEA3532A984F9800E8365D /* ThemeColor.swift */,
				28DEA3552A984FAA00E8365D /* ThemeFont.swift */,
			);
			path = Configuration;
			sourceTree = "<group>";
		};
		28DEA3572A984FF200E8365D /* Extensions */ = {
			isa = PBXGroup;
			children = (
				28DEA3582A9850E200E8365D /* UIColor+Extension.swift */,
				379EF7272AD50E1E00E019DB /* UIView+Extension.swift */,
				37583F272B7DC4AC00D786C4 /* String+Extension.swift */,
			);
			path = Extensions;
			sourceTree = "<group>";
		};
		28DEA35A2A98731F00E8365D /* Factory */ = {
			isa = PBXGroup;
			children = (
				28DEA35B2A98733800E8365D /* LabelFactory.swift */,
			);
			path = Factory;
			sourceTree = "<group>";
		};
		373414622B74A1F000AC21C5 /* ViewModel */ = {
			isa = PBXGroup;
			children = (
				373414632B74A20700AC21C5 /* CalculatorViewModel.swift */,
			);
			path = ViewModel;
			sourceTree = "<group>";
		};
		376F94962AE9FD0E009703B3 /* LaunchScreen */ = {
			isa = PBXGroup;
			children = (
				289CF73C2A975AE9008A356D /* LaunchScreen.storyboard */,
			);
			path = LaunchScreen;
			sourceTree = "<group>";
		};
		376F94992AEA1C21009703B3 /* Calculator */ = {
			isa = PBXGroup;
			children = (
				289CF7352A975AE7008A356D /* CalculatorViewController.swift */,
			);
			path = Calculator;
			sourceTree = "<group>";
		};
		37DB53392B31682500F9FB14 /* Model */ = {
			isa = PBXGroup;
			children = (
				37DB533A2B31683A00F9FB14 /* Tip.swift */,
				37583F252B7B33C200D786C4 /* Result.swift */,
			);
			path = Model;
			sourceTree = "<group>";
		};
/* End PBXGroup section */

/* Begin PBXNativeTarget section */
		289CF72D2A975AE7008A356D /* TipCalculator */ = {
			isa = PBXNativeTarget;
			buildConfigurationList = 289CF7582A975AE9008A356D /* Build configuration list for PBXNativeTarget "TipCalculator" */;
			buildPhases = (
				289CF72A2A975AE7008A356D /* Sources */,
				289CF72B2A975AE7008A356D /* Frameworks */,
				289CF72C2A975AE7008A356D /* Resources */,
			);
			buildRules = (
			);
			dependencies = (
			);
			name = TipCalculator;
			packageProductDependencies = (
				289CF7622A975BAA008A356D /* CombineCocoa */,
				289CF7652A975C2B008A356D /* SnapKit */,
			);
			productName = TipCalculator;
			productReference = 289CF72E2A975AE7008A356D /* TipCalculator.app */;
			productType = "com.apple.product-type.application";
		};
		289CF7432A975AE9008A356D /* TipCalculatorTests */ = {
			isa = PBXNativeTarget;
			buildConfigurationList = 289CF75B2A975AE9008A356D /* Build configuration list for PBXNativeTarget "TipCalculatorTests" */;
			buildPhases = (
				289CF7402A975AE9008A356D /* Sources */,
				289CF7412A975AE9008A356D /* Frameworks */,
				289CF7422A975AE9008A356D /* Resources */,
			);
			buildRules = (
			);
			dependencies = (
				289CF7462A975AE9008A356D /* PBXTargetDependency */,
			);
			name = TipCalculatorTests;
			packageProductDependencies = (
				289CF7682A975C73008A356D /* CombineCocoa */,
				289CF76B2A975D54008A356D /* SnapshotTesting */,
			);
			productName = TipCalculatorTests;
			productReference = 289CF7442A975AE9008A356D /* TipCalculatorTests.xctest */;
			productType = "com.apple.product-type.bundle.unit-test";
		};
		289CF74D2A975AE9008A356D /* TipCalculatorUITests */ = {
			isa = PBXNativeTarget;
			buildConfigurationList = 289CF75E2A975AE9008A356D /* Build configuration list for PBXNativeTarget "TipCalculatorUITests" */;
			buildPhases = (
				289CF74A2A975AE9008A356D /* Sources */,
				289CF74B2A975AE9008A356D /* Frameworks */,
				289CF74C2A975AE9008A356D /* Resources */,
			);
			buildRules = (
			);
			dependencies = (
				289CF7502A975AE9008A356D /* PBXTargetDependency */,
			);
			name = TipCalculatorUITests;
			packageProductDependencies = (
				289CF76D2A975D5D008A356D /* CombineCocoa */,
			);
			productName = TipCalculatorUITests;
			productReference = 289CF74E2A975AE9008A356D /* TipCalculatorUITests.xctest */;
			productType = "com.apple.product-type.bundle.ui-testing";
		};
/* End PBXNativeTarget section */

/* Begin PBXProject section */
		289CF7262A975AE7008A356D /* Project object */ = {
			isa = PBXProject;
			attributes = {
				BuildIndependentTargetsInParallel = 1;
				LastSwiftUpdateCheck = 1430;
				LastUpgradeCheck = 1500;
				TargetAttributes = {
					289CF72D2A975AE7008A356D = {
						CreatedOnToolsVersion = 14.3.1;
					};
					289CF7432A975AE9008A356D = {
						CreatedOnToolsVersion = 14.3.1;
						TestTargetID = 289CF72D2A975AE7008A356D;
					};
					289CF74D2A975AE9008A356D = {
						CreatedOnToolsVersion = 14.3.1;
						TestTargetID = 289CF72D2A975AE7008A356D;
					};
				};
			};
			buildConfigurationList = 289CF7292A975AE7008A356D /* Build configuration list for PBXProject "TipCalculator" */;
			compatibilityVersion = "Xcode 14.0";
			developmentRegion = en;
			hasScannedForEncodings = 0;
			knownRegions = (
				en,
				Base,
			);
			mainGroup = 289CF7252A975AE7008A356D;
			packageReferences = (
				289CF7612A975BAA008A356D /* XCRemoteSwiftPackageReference "CombineCocoa" */,
				289CF7642A975C2B008A356D /* XCRemoteSwiftPackageReference "snapkit" */,
				289CF76A2A975D54008A356D /* XCRemoteSwiftPackageReference "swift-snapshot-testing" */,
			);
			productRefGroup = 289CF72F2A975AE7008A356D /* Products */;
			projectDirPath = "";
			projectRoot = "";
			targets = (
				289CF72D2A975AE7008A356D /* TipCalculator */,
				289CF7432A975AE9008A356D /* TipCalculatorTests */,
				289CF74D2A975AE9008A356D /* TipCalculatorUITests */,
			);
		};
/* End PBXProject section */

/* Begin PBXResourcesBuildPhase section */
		289CF72C2A975AE7008A356D /* Resources */ = {
			isa = PBXResourcesBuildPhase;
			buildActionMask = 2147483647;
			files = (
				289CF73E2A975AE9008A356D /* LaunchScreen.storyboard in Resources */,
				289CF73B2A975AE9008A356D /* Assets.xcassets in Resources */,
			);
			runOnlyForDeploymentPostprocessing = 0;
		};
		289CF7422A975AE9008A356D /* Resources */ = {
			isa = PBXResourcesBuildPhase;
			buildActionMask = 2147483647;
			files = (
			);
			runOnlyForDeploymentPostprocessing = 0;
		};
		289CF74C2A975AE9008A356D /* Resources */ = {
			isa = PBXResourcesBuildPhase;
			buildActionMask = 2147483647;
			files = (
			);
			runOnlyForDeploymentPostprocessing = 0;
		};
/* End PBXResourcesBuildPhase section */

/* Begin PBXSourcesBuildPhase section */
		289CF72A2A975AE7008A356D /* Sources */ = {
			isa = PBXSourcesBuildPhase;
			buildActionMask = 2147483647;
			files = (
				37583F262B7B33C200D786C4 /* Result.swift in Sources */,
				376F94982AEA1A75009703B3 /* AmountView.swift in Sources */,
				289CF7362A975AE7008A356D /* CalculatorViewController.swift in Sources */,
				379EF7282AD50E1E00E019DB /* UIView+Extension.swift in Sources */,
				28DEA3472A983F3B00E8365D /* LogoView.swift in Sources */,
				28DEA3542A984F9800E8365D /* ThemeColor.swift in Sources */,
				28DEA3592A9850E200E8365D /* UIColor+Extension.swift in Sources */,
				28DEA34D2A9841CB00E8365D /* BillInputView.swift in Sources */,
				28DEA34B2A9841B300E8365D /* ResultView.swift in Sources */,
				289CF7322A975AE7008A356D /* AppDelegate.swift in Sources */,
				28DEA3562A984FAA00E8365D /* ThemeFont.swift in Sources */,
				37583F282B7DC4AC00D786C4 /* String+Extension.swift in Sources */,
				289CF7342A975AE7008A356D /* SceneDelegate.swift in Sources */,
				28DEA35C2A98733800E8365D /* LabelFactory.swift in Sources */,
				373414642B74A20700AC21C5 /* CalculatorViewModel.swift in Sources */,
				37DB533B2B31683A00F9FB14 /* Tip.swift in Sources */,
				28DEA3512A9841F400E8365D /* SplitInputView.swift in Sources */,
				28DEA34F2A9841DF00E8365D /* TipInputView.swift in Sources */,
				37CC23962B5642D50005834D /* HeaderView.swift in Sources */,
			);
			runOnlyForDeploymentPostprocessing = 0;
		};
		289CF7402A975AE9008A356D /* Sources */ = {
			isa = PBXSourcesBuildPhase;
			buildActionMask = 2147483647;
			files = (
				289CF7492A975AE9008A356D /* TipCalculatorTests.swift in Sources */,
			);
			runOnlyForDeploymentPostprocessing = 0;
		};
		289CF74A2A975AE9008A356D /* Sources */ = {
			isa = PBXSourcesBuildPhase;
			buildActionMask = 2147483647;
			files = (
				289CF7552A975AE9008A356D /* TipCalculatorUITestsLaunchTests.swift in Sources */,
				289CF7532A975AE9008A356D /* TipCalculatorUITests.swift in Sources */,
			);
			runOnlyForDeploymentPostprocessing = 0;
		};
/* End PBXSourcesBuildPhase section */

/* Begin PBXTargetDependency section */
		289CF7462A975AE9008A356D /* PBXTargetDependency */ = {
			isa = PBXTargetDependency;
			target = 289CF72D2A975AE7008A356D /* TipCalculator */;
			targetProxy = 289CF7452A975AE9008A356D /* PBXContainerItemProxy */;
		};
		289CF7502A975AE9008A356D /* PBXTargetDependency */ = {
			isa = PBXTargetDependency;
			target = 289CF72D2A975AE7008A356D /* TipCalculator */;
			targetProxy = 289CF74F2A975AE9008A356D /* PBXContainerItemProxy */;
		};
/* End PBXTargetDependency section */

/* Begin PBXVariantGroup section */
		289CF73C2A975AE9008A356D /* LaunchScreen.storyboard */ = {
			isa = PBXVariantGroup;
			children = (
				289CF73D2A975AE9008A356D /* Base */,
			);
			name = LaunchScreen.storyboard;
			sourceTree = "<group>";
		};
/* End PBXVariantGroup section */

/* Begin XCBuildConfiguration section */
		289CF7562A975AE9008A356D /* Debug */ = {
			isa = XCBuildConfiguration;
			buildSettings = {
				ALWAYS_SEARCH_USER_PATHS = NO;
				ASSETCATALOG_COMPILER_GENERATE_SWIFT_ASSET_SYMBOL_EXTENSIONS = YES;
				CLANG_ANALYZER_NONNULL = YES;
				CLANG_ANALYZER_NUMBER_OBJECT_CONVERSION = YES_AGGRESSIVE;
				CLANG_CXX_LANGUAGE_STANDARD = "gnu++20";
				CLANG_ENABLE_MODULES = YES;
				CLANG_ENABLE_OBJC_ARC = YES;
				CLANG_ENABLE_OBJC_WEAK = YES;
				CLANG_WARN_BLOCK_CAPTURE_AUTORELEASING = YES;
				CLANG_WARN_BOOL_CONVERSION = YES;
				CLANG_WARN_COMMA = YES;
				CLANG_WARN_CONSTANT_CONVERSION = YES;
				CLANG_WARN_DEPRECATED_OBJC_IMPLEMENTATIONS = YES;
				CLANG_WARN_DIRECT_OBJC_ISA_USAGE = YES_ERROR;
				CLANG_WARN_DOCUMENTATION_COMMENTS = YES;
				CLANG_WARN_EMPTY_BODY = YES;
				CLANG_WARN_ENUM_CONVERSION = YES;
				CLANG_WARN_INFINITE_RECURSION = YES;
				CLANG_WARN_INT_CONVERSION = YES;
				CLANG_WARN_NON_LITERAL_NULL_CONVERSION = YES;
				CLANG_WARN_OBJC_IMPLICIT_RETAIN_SELF = YES;
				CLANG_WARN_OBJC_LITERAL_CONVERSION = YES;
				CLANG_WARN_OBJC_ROOT_CLASS = YES_ERROR;
				CLANG_WARN_QUOTED_INCLUDE_IN_FRAMEWORK_HEADER = YES;
				CLANG_WARN_RANGE_LOOP_ANALYSIS = YES;
				CLANG_WARN_STRICT_PROTOTYPES = YES;
				CLANG_WARN_SUSPICIOUS_MOVE = YES;
				CLANG_WARN_UNGUARDED_AVAILABILITY = YES_AGGRESSIVE;
				CLANG_WARN_UNREACHABLE_CODE = YES;
				CLANG_WARN__DUPLICATE_METHOD_MATCH = YES;
				COPY_PHASE_STRIP = NO;
				DEBUG_INFORMATION_FORMAT = dwarf;
				ENABLE_STRICT_OBJC_MSGSEND = YES;
				ENABLE_TESTABILITY = YES;
				ENABLE_USER_SCRIPT_SANDBOXING = YES;
				GCC_C_LANGUAGE_STANDARD = gnu11;
				GCC_DYNAMIC_NO_PIC = NO;
				GCC_NO_COMMON_BLOCKS = YES;
				GCC_OPTIMIZATION_LEVEL = 0;
				GCC_PREPROCESSOR_DEFINITIONS = (
					"DEBUG=1",
					"$(inherited)",
				);
				GCC_WARN_64_TO_32_BIT_CONVERSION = YES;
				GCC_WARN_ABOUT_RETURN_TYPE = YES_ERROR;
				GCC_WARN_UNDECLARED_SELECTOR = YES;
				GCC_WARN_UNINITIALIZED_AUTOS = YES_AGGRESSIVE;
				GCC_WARN_UNUSED_FUNCTION = YES;
				GCC_WARN_UNUSED_VARIABLE = YES;
				IPHONEOS_DEPLOYMENT_TARGET = 16.4;
				MTL_ENABLE_DEBUG_INFO = INCLUDE_SOURCE;
				MTL_FAST_MATH = YES;
				ONLY_ACTIVE_ARCH = YES;
				SDKROOT = iphoneos;
				SWIFT_ACTIVE_COMPILATION_CONDITIONS = DEBUG;
				SWIFT_OPTIMIZATION_LEVEL = "-Onone";
			};
			name = Debug;
		};
		289CF7572A975AE9008A356D /* Release */ = {
			isa = XCBuildConfiguration;
			buildSettings = {
				ALWAYS_SEARCH_USER_PATHS = NO;
				ASSETCATALOG_COMPILER_GENERATE_SWIFT_ASSET_SYMBOL_EXTENSIONS = YES;
				CLANG_ANALYZER_NONNULL = YES;
				CLANG_ANALYZER_NUMBER_OBJECT_CONVERSION = YES_AGGRESSIVE;
				CLANG_CXX_LANGUAGE_STANDARD = "gnu++20";
				CLANG_ENABLE_MODULES = YES;
				CLANG_ENABLE_OBJC_ARC = YES;
				CLANG_ENABLE_OBJC_WEAK = YES;
				CLANG_WARN_BLOCK_CAPTURE_AUTORELEASING = YES;
				CLANG_WARN_BOOL_CONVERSION = YES;
				CLANG_WARN_COMMA = YES;
				CLANG_WARN_CONSTANT_CONVERSION = YES;
				CLANG_WARN_DEPRECATED_OBJC_IMPLEMENTATIONS = YES;
				CLANG_WARN_DIRECT_OBJC_ISA_USAGE = YES_ERROR;
				CLANG_WARN_DOCUMENTATION_COMMENTS = YES;
				CLANG_WARN_EMPTY_BODY = YES;
				CLANG_WARN_ENUM_CONVERSION = YES;
				CLANG_WARN_INFINITE_RECURSION = YES;
				CLANG_WARN_INT_CONVERSION = YES;
				CLANG_WARN_NON_LITERAL_NULL_CONVERSION = YES;
				CLANG_WARN_OBJC_IMPLICIT_RETAIN_SELF = YES;
				CLANG_WARN_OBJC_LITERAL_CONVERSION = YES;
				CLANG_WARN_OBJC_ROOT_CLASS = YES_ERROR;
				CLANG_WARN_QUOTED_INCLUDE_IN_FRAMEWORK_HEADER = YES;
				CLANG_WARN_RANGE_LOOP_ANALYSIS = YES;
				CLANG_WARN_STRICT_PROTOTYPES = YES;
				CLANG_WARN_SUSPICIOUS_MOVE = YES;
				CLANG_WARN_UNGUARDED_AVAILABILITY = YES_AGGRESSIVE;
				CLANG_WARN_UNREACHABLE_CODE = YES;
				CLANG_WARN__DUPLICATE_METHOD_MATCH = YES;
				COPY_PHASE_STRIP = NO;
				DEBUG_INFORMATION_FORMAT = "dwarf-with-dsym";
				ENABLE_NS_ASSERTIONS = NO;
				ENABLE_STRICT_OBJC_MSGSEND = YES;
				ENABLE_USER_SCRIPT_SANDBOXING = YES;
				GCC_C_LANGUAGE_STANDARD = gnu11;
				GCC_NO_COMMON_BLOCKS = YES;
				GCC_WARN_64_TO_32_BIT_CONVERSION = YES;
				GCC_WARN_ABOUT_RETURN_TYPE = YES_ERROR;
				GCC_WARN_UNDECLARED_SELECTOR = YES;
				GCC_WARN_UNINITIALIZED_AUTOS = YES_AGGRESSIVE;
				GCC_WARN_UNUSED_FUNCTION = YES;
				GCC_WARN_UNUSED_VARIABLE = YES;
				IPHONEOS_DEPLOYMENT_TARGET = 16.4;
				MTL_ENABLE_DEBUG_INFO = NO;
				MTL_FAST_MATH = YES;
				SDKROOT = iphoneos;
				SWIFT_COMPILATION_MODE = wholemodule;
				SWIFT_OPTIMIZATION_LEVEL = "-O";
				VALIDATE_PRODUCT = YES;
			};
			name = Release;
		};
		289CF7592A975AE9008A356D /* Debug */ = {
			isa = XCBuildConfiguration;
			buildSettings = {
				ASSETCATALOG_COMPILER_APPICON_NAME = AppIcon;
				ASSETCATALOG_COMPILER_GLOBAL_ACCENT_COLOR_NAME = AccentColor;
				CODE_SIGN_IDENTITY = "Apple Development";
				CODE_SIGN_STYLE = Automatic;
				CURRENT_PROJECT_VERSION = 1;
				DEVELOPMENT_TEAM = 7W2L96JKZK;
				GENERATE_INFOPLIST_FILE = YES;
				INFOPLIST_FILE = TipCalculator/Info.plist;
				INFOPLIST_KEY_CFBundleDisplayName = "Tip calculator";
				INFOPLIST_KEY_UIApplicationSupportsIndirectInputEvents = YES;
				INFOPLIST_KEY_UILaunchStoryboardName = LaunchScreen;
				INFOPLIST_KEY_UISupportedInterfaceOrientations_iPad = "UIInterfaceOrientationPortrait UIInterfaceOrientationPortraitUpsideDown UIInterfaceOrientationLandscapeLeft UIInterfaceOrientationLandscapeRight";
				INFOPLIST_KEY_UISupportedInterfaceOrientations_iPhone = "UIInterfaceOrientationPortrait UIInterfaceOrientationLandscapeLeft UIInterfaceOrientationLandscapeRight";
				LD_RUNPATH_SEARCH_PATHS = (
					"$(inherited)",
					"@executable_path/Frameworks",
				);
				MARKETING_VERSION = 1.0;
				PRODUCT_BUNDLE_IDENTIFIER = com.ShamilAkhmadullin.TipCalculator;
				PRODUCT_NAME = "$(TARGET_NAME)";
				PROVISIONING_PROFILE_SPECIFIER = "";
				SWIFT_EMIT_LOC_STRINGS = YES;
				SWIFT_VERSION = 5.0;
				TARGETED_DEVICE_FAMILY = "1,2";
			};
			name = Debug;
		};
		289CF75A2A975AE9008A356D /* Release */ = {
			isa = XCBuildConfiguration;
			buildSettings = {
				ASSETCATALOG_COMPILER_APPICON_NAME = AppIcon;
				ASSETCATALOG_COMPILER_GLOBAL_ACCENT_COLOR_NAME = AccentColor;
				CODE_SIGN_IDENTITY = "Apple Development";
				CODE_SIGN_STYLE = Automatic;
				CURRENT_PROJECT_VERSION = 1;
				DEVELOPMENT_TEAM = 7W2L96JKZK;
				GENERATE_INFOPLIST_FILE = YES;
				INFOPLIST_FILE = TipCalculator/Info.plist;
				INFOPLIST_KEY_CFBundleDisplayName = "Tip calculator";
				INFOPLIST_KEY_UIApplicationSupportsIndirectInputEvents = YES;
				INFOPLIST_KEY_UILaunchStoryboardName = LaunchScreen;
				INFOPLIST_KEY_UISupportedInterfaceOrientations_iPad = "UIInterfaceOrientationPortrait UIInterfaceOrientationPortraitUpsideDown UIInterfaceOrientationLandscapeLeft UIInterfaceOrientationLandscapeRight";
				INFOPLIST_KEY_UISupportedInterfaceOrientations_iPhone = "UIInterfaceOrientationPortrait UIInterfaceOrientationLandscapeLeft UIInterfaceOrientationLandscapeRight";
				LD_RUNPATH_SEARCH_PATHS = (
					"$(inherited)",
					"@executable_path/Frameworks",
				);
				MARKETING_VERSION = 1.0;
				PRODUCT_BUNDLE_IDENTIFIER = com.ShamilAkhmadullin.TipCalculator;
				PRODUCT_NAME = "$(TARGET_NAME)";
				PROVISIONING_PROFILE_SPECIFIER = "";
				SWIFT_EMIT_LOC_STRINGS = YES;
				SWIFT_VERSION = 5.0;
				TARGETED_DEVICE_FAMILY = "1,2";
			};
			name = Release;
		};
		289CF75C2A975AE9008A356D /* Debug */ = {
			isa = XCBuildConfiguration;
			buildSettings = {
				ALWAYS_EMBED_SWIFT_STANDARD_LIBRARIES = YES;
				BUNDLE_LOADER = "$(TEST_HOST)";
				CODE_SIGN_STYLE = Automatic;
				CURRENT_PROJECT_VERSION = 1;
				DEVELOPMENT_TEAM = 7W2L96JKZK;
				GENERATE_INFOPLIST_FILE = YES;
				IPHONEOS_DEPLOYMENT_TARGET = 16.4;
				MARKETING_VERSION = 1.0;
				PRODUCT_BUNDLE_IDENTIFIER = ru.netris.TipCalculatorTests;
				PRODUCT_NAME = "$(TARGET_NAME)";
				SWIFT_EMIT_LOC_STRINGS = NO;
				SWIFT_VERSION = 5.0;
				TARGETED_DEVICE_FAMILY = "1,2";
				TEST_HOST = "$(BUILT_PRODUCTS_DIR)/TipCalculator.app/$(BUNDLE_EXECUTABLE_FOLDER_PATH)/TipCalculator";
			};
			name = Debug;
		};
		289CF75D2A975AE9008A356D /* Release */ = {
			isa = XCBuildConfiguration;
			buildSettings = {
				ALWAYS_EMBED_SWIFT_STANDARD_LIBRARIES = YES;
				BUNDLE_LOADER = "$(TEST_HOST)";
				CODE_SIGN_STYLE = Automatic;
				CURRENT_PROJECT_VERSION = 1;
				DEVELOPMENT_TEAM = 7W2L96JKZK;
				GENERATE_INFOPLIST_FILE = YES;
				IPHONEOS_DEPLOYMENT_TARGET = 16.4;
				MARKETING_VERSION = 1.0;
				PRODUCT_BUNDLE_IDENTIFIER = ru.netris.TipCalculatorTests;
				PRODUCT_NAME = "$(TARGET_NAME)";
				SWIFT_EMIT_LOC_STRINGS = NO;
				SWIFT_VERSION = 5.0;
				TARGETED_DEVICE_FAMILY = "1,2";
				TEST_HOST = "$(BUILT_PRODUCTS_DIR)/TipCalculator.app/$(BUNDLE_EXECUTABLE_FOLDER_PATH)/TipCalculator";
			};
			name = Release;
		};
		289CF75F2A975AE9008A356D /* Debug */ = {
			isa = XCBuildConfiguration;
			buildSettings = {
				ALWAYS_EMBED_SWIFT_STANDARD_LIBRARIES = YES;
				CODE_SIGN_STYLE = Automatic;
				CURRENT_PROJECT_VERSION = 1;
				DEVELOPMENT_TEAM = 7W2L96JKZK;
				GENERATE_INFOPLIST_FILE = YES;
				MARKETING_VERSION = 1.0;
				PRODUCT_BUNDLE_IDENTIFIER = ru.netris.TipCalculatorUITests;
				PRODUCT_NAME = "$(TARGET_NAME)";
				SWIFT_EMIT_LOC_STRINGS = NO;
				SWIFT_VERSION = 5.0;
				TARGETED_DEVICE_FAMILY = "1,2";
				TEST_TARGET_NAME = TipCalculator;
			};
			name = Debug;
		};
		289CF7602A975AE9008A356D /* Release */ = {
			isa = XCBuildConfiguration;
			buildSettings = {
				ALWAYS_EMBED_SWIFT_STANDARD_LIBRARIES = YES;
				CODE_SIGN_STYLE = Automatic;
				CURRENT_PROJECT_VERSION = 1;
				DEVELOPMENT_TEAM = 7W2L96JKZK;
				GENERATE_INFOPLIST_FILE = YES;
				MARKETING_VERSION = 1.0;
				PRODUCT_BUNDLE_IDENTIFIER = ru.netris.TipCalculatorUITests;
				PRODUCT_NAME = "$(TARGET_NAME)";
				SWIFT_EMIT_LOC_STRINGS = NO;
				SWIFT_VERSION = 5.0;
				TARGETED_DEVICE_FAMILY = "1,2";
				TEST_TARGET_NAME = TipCalculator;
			};
			name = Release;
		};
/* End XCBuildConfiguration section */

/* Begin XCConfigurationList section */
		289CF7292A975AE7008A356D /* Build configuration list for PBXProject "TipCalculator" */ = {
			isa = XCConfigurationList;
			buildConfigurations = (
				289CF7562A975AE9008A356D /* Debug */,
				289CF7572A975AE9008A356D /* Release */,
			);
			defaultConfigurationIsVisible = 0;
			defaultConfigurationName = Release;
		};
		289CF7582A975AE9008A356D /* Build configuration list for PBXNativeTarget "TipCalculator" */ = {
			isa = XCConfigurationList;
			buildConfigurations = (
				289CF7592A975AE9008A356D /* Debug */,
				289CF75A2A975AE9008A356D /* Release */,
			);
			defaultConfigurationIsVisible = 0;
			defaultConfigurationName = Release;
		};
		289CF75B2A975AE9008A356D /* Build configuration list for PBXNativeTarget "TipCalculatorTests" */ = {
			isa = XCConfigurationList;
			buildConfigurations = (
				289CF75C2A975AE9008A356D /* Debug */,
				289CF75D2A975AE9008A356D /* Release */,
			);
			defaultConfigurationIsVisible = 0;
			defaultConfigurationName = Release;
		};
		289CF75E2A975AE9008A356D /* Build configuration list for PBXNativeTarget "TipCalculatorUITests" */ = {
			isa = XCConfigurationList;
			buildConfigurations = (
				289CF75F2A975AE9008A356D /* Debug */,
				289CF7602A975AE9008A356D /* Release */,
			);
			defaultConfigurationIsVisible = 0;
			defaultConfigurationName = Release;
		};
/* End XCConfigurationList section */

/* Begin XCRemoteSwiftPackageReference section */
		289CF7612A975BAA008A356D /* XCRemoteSwiftPackageReference "CombineCocoa" */ = {
			isa = XCRemoteSwiftPackageReference;
			repositoryURL = "https://github.com/CombineCommunity/CombineCocoa";
			requirement = {
				kind = upToNextMajorVersion;
				minimumVersion = 0.4.1;
			};
		};
		289CF7642A975C2B008A356D /* XCRemoteSwiftPackageReference "snapkit" */ = {
			isa = XCRemoteSwiftPackageReference;
			repositoryURL = "https://github.com/snapkit/snapkit";
			requirement = {
				kind = upToNextMajorVersion;
				minimumVersion = 5.0.0;
			};
		};
		289CF76A2A975D54008A356D /* XCRemoteSwiftPackageReference "swift-snapshot-testing" */ = {
			isa = XCRemoteSwiftPackageReference;
			repositoryURL = "https://github.com/pointfreeco/swift-snapshot-testing";
			requirement = {
				kind = upToNextMajorVersion;
				minimumVersion = 1.0.0;
			};
		};
/* End XCRemoteSwiftPackageReference section */

/* Begin XCSwiftPackageProductDependency section */
		289CF7622A975BAA008A356D /* CombineCocoa */ = {
			isa = XCSwiftPackageProductDependency;
			package = 289CF7612A975BAA008A356D /* XCRemoteSwiftPackageReference "CombineCocoa" */;
			productName = CombineCocoa;
		};
		289CF7652A975C2B008A356D /* SnapKit */ = {
			isa = XCSwiftPackageProductDependency;
			package = 289CF7642A975C2B008A356D /* XCRemoteSwiftPackageReference "snapkit" */;
			productName = SnapKit;
		};
		289CF7682A975C73008A356D /* CombineCocoa */ = {
			isa = XCSwiftPackageProductDependency;
			package = 289CF7612A975BAA008A356D /* XCRemoteSwiftPackageReference "CombineCocoa" */;
			productName = CombineCocoa;
		};
		289CF76B2A975D54008A356D /* SnapshotTesting */ = {
			isa = XCSwiftPackageProductDependency;
			package = 289CF76A2A975D54008A356D /* XCRemoteSwiftPackageReference "swift-snapshot-testing" */;
			productName = SnapshotTesting;
		};
		289CF76D2A975D5D008A356D /* CombineCocoa */ = {
			isa = XCSwiftPackageProductDependency;
			package = 289CF7612A975BAA008A356D /* XCRemoteSwiftPackageReference "CombineCocoa" */;
			productName = CombineCocoa;
		};
/* End XCSwiftPackageProductDependency section */
	};
	rootObject = 289CF7262A975AE7008A356D /* Project object */;
}
